# This file is @generated by PDM.
# It is not intended for manual editing.

[metadata]
groups = ["default"]
strategy = ["inherit_metadata"]
lock_version = "4.5.0"
content_hash = "sha256:589b11b9cd251e551117ed9a230bdb2a25a4e282284b6751ed0b5cf272bc54d8"

[[metadata.targets]]
requires_python = ">=3.10"

[[package]]
name = "compdb"
version = "0.2.0"
requires_python = ">=2.7,!=3.0.*,!=3.1.*,!=3.2.*"
summary = "The compilation database Swiss army knife"
groups = ["default"]
dependencies = [
    "configparser; python_version < \"3.0\"",
]
files = [
    {file = "compdb-0.2.0-py2.py3-none-any.whl", hash = "sha256:f63b87d36a50b984a654dea1c782066cf659cad66d9b37e2d06cede7d0737b91"},
    {file = "compdb-0.2.0.tar.gz", hash = "sha256:73471badd01e5e69c816fb3a4e0d014f099c2826ee283df5716cd7b1902b79dd"},
]
